
Microsoft Visual Studio Solution File, Format Version 12.00
# Visual Studio Version 16
VisualStudioVersion = 16.0.30621.155
MinimumVisualStudioVersion = 10.0.40219.1
Project("{FAE04EC0-301F-11D3-BF4B-00C04F79EFBC}") = "ClassMetotDemo2", "ClassMetotDemo2\ClassMetotDemo2.csproj", "{C1C686EE-E3BE-463C-BCF8-C024552E8558}"
EndProject
Global
	GlobalSection(SolutionConfigurationPlatforms) = preSolution
		Debug|Any CPU = Debug|Any CPU
		Release|Any CPU = Release|Any CPU
	EndGlobalSection
	GlobalSection(ProjectConfigurationPlatforms) = postSolution
		{C1C686EE-E3BE-463C-BCF8-C024552E8558}.Debug|Any CPU.ActiveCfg = Debug|Any CPU
		{C1C686EE-E3BE-463C-BCF8-C024552E8558}.Debug|Any CPU.Build.0 = Debug|Any CPU
		{C1C686EE-E3BE-463C-BCF8-C024552E8558}.Release|Any CPU.ActiveCfg = Release|Any CPU
		{C1C686EE-E3BE-463C-BCF8-C024552E8558}.Release|Any CPU.Build.0 = Release|Any CPU
	EndGlobalSection
	GlobalSection(SolutionProperties) = preSolution
		HideSolutionNode = FALSE
	EndGlobalSection
	GlobalSection(ExtensibilityGlobals) = postSolution
		SolutionGuid = {AD88C7F4-FB94-4C74-90A6-D16765BA1B6A}
	EndGlobalSection
EndGlobal
